
Microsoft Visual Studio Solution File, Format Version 12.00
# Visual Studio Version 17
VisualStudioVersion = 17.5.002.0
MinimumVisualStudioVersion = 10.0.40219.1
Project("{9A19103F-16F7-4668-BE54-9A1E7A4F7556}") = "LootSort", "LootSort.csproj", "{C25ED80C-CEDF-4471-B5CC-C86423827865}"
EndProject
Global
	GlobalSection(SolutionConfigurationPlatforms) = preSolution
		Debug|Any CPU = Debug|Any CPU
		Release|Any CPU = Release|Any CPU
	EndGlobalSection
	GlobalSection(ProjectConfigurationPlatforms) = postSolution
		{C25ED80C-CEDF-4471-B5CC-C86423827865}.Debug|Any CPU.ActiveCfg = Debug|Any CPU
		{C25ED80C-CEDF-4471-B5CC-C86423827865}.Debug|Any CPU.Build.0 = Debug|Any CPU
		{C25ED80C-CEDF-4471-B5CC-C86423827865}.Release|Any CPU.ActiveCfg = Release|Any CPU
		{C25ED80C-CEDF-4471-B5CC-C86423827865}.Release|Any CPU.Build.0 = Release|Any CPU
	EndGlobalSection
	GlobalSection(SolutionProperties) = preSolution
		HideSolutionNode = FALSE
	EndGlobalSection
	GlobalSection(ExtensibilityGlobals) = postSolution
		SolutionGuid = {03BA452E-4E45-437C-A96B-69BBF86A8BF4}
	EndGlobalSection
EndGlobal
