
Microsoft Visual Studio Solution File, Format Version 12.00
# Visual Studio Version 17
VisualStudioVersion = 17.0.31903.59
MinimumVisualStudioVersion = 10.0.40219.1
Project("{FAE04EC0-301F-11D3-BF4B-00C04F79EFBC}") = "PlayerManager1", "PlayerManager1\PlayerManager1.csproj", "{C0B998E7-6C03-4344-AF6E-9B174F16771F}"
EndProject
Project("{FAE04EC0-301F-11D3-BF4B-00C04F79EFBC}") = "PlayerManager2", "PlayerManager2\PlayerManager2.csproj", "{91CAB860-3184-41BF-85AD-275817C6B315}"
EndProject
Project("{FAE04EC0-301F-11D3-BF4B-00C04F79EFBC}") = "PlayerManager3", "PlayerManager3\PlayerManager3.csproj", "{85871562-085F-48FE-A0F9-74263B3D29A0}"
EndProject
Project("{FAE04EC0-301F-11D3-BF4B-00C04F79EFBC}") = "PlayerManager4", "PlayerManager4\PlayerManager4.csproj", "{CBEB640A-4DB7-4F3A-85FD-5D21157EA647}"
EndProject
Project("{FAE04EC0-301F-11D3-BF4B-00C04F79EFBC}") = "AnimalKingdom", "AnimalKingdom\AnimalKingdom.csproj", "{41FC833E-8445-45D3-8265-7A44DABB98CC}"
EndProject
Global
	GlobalSection(SolutionConfigurationPlatforms) = preSolution
		Debug|Any CPU = Debug|Any CPU
		Release|Any CPU = Release|Any CPU
	EndGlobalSection
	GlobalSection(SolutionProperties) = preSolution
		HideSolutionNode = FALSE
	EndGlobalSection
	GlobalSection(ProjectConfigurationPlatforms) = postSolution
		{C0B998E7-6C03-4344-AF6E-9B174F16771F}.Debug|Any CPU.ActiveCfg = Debug|Any CPU
		{C0B998E7-6C03-4344-AF6E-9B174F16771F}.Debug|Any CPU.Build.0 = Debug|Any CPU
		{C0B998E7-6C03-4344-AF6E-9B174F16771F}.Release|Any CPU.ActiveCfg = Release|Any CPU
		{C0B998E7-6C03-4344-AF6E-9B174F16771F}.Release|Any CPU.Build.0 = Release|Any CPU
		{91CAB860-3184-41BF-85AD-275817C6B315}.Debug|Any CPU.ActiveCfg = Debug|Any CPU
		{91CAB860-3184-41BF-85AD-275817C6B315}.Debug|Any CPU.Build.0 = Debug|Any CPU
		{91CAB860-3184-41BF-85AD-275817C6B315}.Release|Any CPU.ActiveCfg = Release|Any CPU
		{91CAB860-3184-41BF-85AD-275817C6B315}.Release|Any CPU.Build.0 = Release|Any CPU
		{85871562-085F-48FE-A0F9-74263B3D29A0}.Debug|Any CPU.ActiveCfg = Debug|Any CPU
		{85871562-085F-48FE-A0F9-74263B3D29A0}.Debug|Any CPU.Build.0 = Debug|Any CPU
		{85871562-085F-48FE-A0F9-74263B3D29A0}.Release|Any CPU.ActiveCfg = Release|Any CPU
		{85871562-085F-48FE-A0F9-74263B3D29A0}.Release|Any CPU.Build.0 = Release|Any CPU
		{CBEB640A-4DB7-4F3A-85FD-5D21157EA647}.Debug|Any CPU.ActiveCfg = Debug|Any CPU
		{CBEB640A-4DB7-4F3A-85FD-5D21157EA647}.Debug|Any CPU.Build.0 = Debug|Any CPU
		{CBEB640A-4DB7-4F3A-85FD-5D21157EA647}.Release|Any CPU.ActiveCfg = Release|Any CPU
		{CBEB640A-4DB7-4F3A-85FD-5D21157EA647}.Release|Any CPU.Build.0 = Release|Any CPU
		{41FC833E-8445-45D3-8265-7A44DABB98CC}.Debug|Any CPU.ActiveCfg = Debug|Any CPU
		{41FC833E-8445-45D3-8265-7A44DABB98CC}.Debug|Any CPU.Build.0 = Debug|Any CPU
		{41FC833E-8445-45D3-8265-7A44DABB98CC}.Release|Any CPU.ActiveCfg = Release|Any CPU
		{41FC833E-8445-45D3-8265-7A44DABB98CC}.Release|Any CPU.Build.0 = Release|Any CPU
	EndGlobalSection
EndGlobal
